{
  "nodes": {
    "blobs": {
      "flake": false,
      "locked": {
        "lastModified": 1604995301,
        "narHash": "sha256-wcLzgLec6SGJA8fx1OEN1yV/Py5b+U5iyYpksUY/yLw=",
        "owner": "simple-nixos-mailserver",
        "repo": "blobs",
        "rev": "2cccdf1ca48316f2cfd1c9a0017e8de5a7156265",
        "type": "gitlab"
      },
      "original": {
        "owner": "simple-nixos-mailserver",
        "repo": "blobs",
        "type": "gitlab"
      }
    },
    "flake-compat": {
      "flake": false,
      "locked": {
        "lastModified": 1696426674,
        "narHash": "sha256-kvjfFW7WAETZlt09AgDn1MrtKzP7t90Vf7vypd3OL1U=",
        "owner": "edolstra",
        "repo": "flake-compat",
        "rev": "0f9255e01c2351cc7d116c072cb317785dd33b33",
        "type": "github"
      },
      "original": {
        "owner": "edolstra",
        "repo": "flake-compat",
        "type": "github"
      }
    },
    "nixpkgs-24_05": {
      "locked": {
        "lastModified": 1735563628,
        "narHash": "sha256-OnSAY7XDSx7CtDoqNh8jwVwh4xNL/2HaJxGjryLWzX8=",
        "owner": "NixOS",
        "repo": "nixpkgs",
        "rev": "b134951a4c9f3c995fd7be05f3243f8ecd65d798",
        "type": "github"
      },
      "original": {
        "owner": "NixOS",
        "ref": "nixos-24.05",
        "repo": "nixpkgs",
        "type": "github"
      }
    },
    "nixpkgs-24_11": {
      "locked": {
        "lastModified": 1743576891,
        "narHash": "sha256-vXiKURtntURybE6FMNFAVpRPr8+e8KoLPrYs9TGuAKc=",
        "owner": "NixOS",
        "repo": "nixpkgs",
        "rev": "44a69ed688786e98a101f02b712c313f1ade37ab",
        "type": "github"
      },
      "original": {
        "owner": "NixOS",
        "ref": "nixos-24.11",
        "repo": "nixpkgs",
        "type": "github"
      }
    },
    "nixpkgs-unstable": {
      "locked": {
        "lastModified": 1743583204,
        "narHash": "sha256-F7n4+KOIfWrwoQjXrL2wD9RhFYLs2/GGe/MQY1sSdlE=",
        "owner": "NixOS",
        "repo": "nixpkgs",
        "rev": "2c8d3f48d33929642c1c12cd243df4cc7d2ce434",
        "type": "github"
      },
      "original": {
        "owner": "NixOS",
        "ref": "nixos-unstable",
        "repo": "nixpkgs",
        "type": "github"
      }
    },
    "root": {
      "inputs": {
        "nixpkgs": [
          "nixpkgs-24_11"
        ],
        "nixpkgs-24_05": "nixpkgs-24_05",
        "nixpkgs-24_11": "nixpkgs-24_11",
        "nixpkgs-oldstable": [
          "nixpkgs-24_05"
        ],
        "nixpkgs-unstable": "nixpkgs-unstable",
        "simple-nixos-mailserver": "simple-nixos-mailserver",
        "sops-nix": "sops-nix"
      }
    },
    "simple-nixos-mailserver": {
      "inputs": {
        "blobs": "blobs",
        "flake-compat": "flake-compat",
        "nixpkgs": [
          "nixpkgs"
        ],
        "nixpkgs-24_11": [
          "nixpkgs"
        ]
      },
      "locked": {
        "lastModified": 1746469806,
        "narHash": "sha256-kL3cc25sc0x+6gBZYjuE4566RT1E3XLQs4V8sl7D+VE=",
        "owner": "simple-nixos-mailserver",
        "repo": "nixos-mailserver",
        "rev": "14857a0309d7bbdf7c51bbfa309d0d13448ae77e",
        "type": "gitlab"
      },
      "original": {
        "owner": "simple-nixos-mailserver",
        "ref": "nixos-24.11",
        "repo": "nixos-mailserver",
        "type": "gitlab"
      }
    },
    "sops-nix": {
      "inputs": {
        "nixpkgs": [
          "nixpkgs"
        ]
      },
      "locked": {
        "lastModified": 1743604509,
        "narHash": "sha256-Hf5aYGP3hP+uNbcd4NrEMUAR+1o518uGzoeVyMzzJwo=",
        "owner": "Mic92",
        "repo": "sops-nix",
        "rev": "4521de68fba1a36fae8caebce3d6e047179661f7",
        "type": "github"
      },
      "original": {
        "owner": "Mic92",
        "repo": "sops-nix",
        "type": "github"
      }
    }
  },
  "root": "root",
  "version": 7
}
