{
  "nodes": {
    "nixpkgs-24_11": {
      "locked": {
        "lastModified": 1738112643,
        "narHash": "sha256-Y09D3YAi8iIVm3V6S0Y4jjr5DP8a9heXq1056D8IIP4=",
        "owner": "NixOS",
        "repo": "nixpkgs",
        "rev": "95568291fa92a2807b3669cc576ab0592e2293b9",
        "type": "github"
      },
      "original": {
        "owner": "NixOS",
        "ref": "nixos-24.11-small",
        "repo": "nixpkgs",
        "type": "github"
      }
    },
    "root": {
      "inputs": {
        "nixpkgs": [
          "nixpkgs-24_11"
        ],
        "nixpkgs-24_11": "nixpkgs-24_11"
      }
    }
  },
  "root": "root",
  "version": 7
}
